
Microsoft Visual Studio Solution File, Format Version 12.00
# Visual Studio 14
VisualStudioVersion = 14.0.25420.1
MinimumVisualStudioVersion = 10.0.40219.1
Project("{FAE04EC0-301F-11D3-BF4B-00C04F79EFBC}") = "WebHost", "WebHost\WebHost.csproj", "{C55D6127-3246-44EE-A810-78EE3DA61D18}"
EndProject
Project("{BBD0F5D1-1CC4-42FD-BA4C-A96779C64378}") = "WebApiServices", "WebApiServices\WebApiServices.synproj", "{8C225A82-8E4B-42E8-BB84-68819BDC4B9C}"
EndProject
Global
	GlobalSection(SolutionConfigurationPlatforms) = preSolution
		Debug|x64 = Debug|x64
		Debug|x86 = Debug|x86
		Release|x64 = Release|x64
		Release|x86 = Release|x86
	EndGlobalSection
	GlobalSection(ProjectConfigurationPlatforms) = postSolution
		{C55D6127-3246-44EE-A810-78EE3DA61D18}.Debug|x64.ActiveCfg = Debug|x64
		{C55D6127-3246-44EE-A810-78EE3DA61D18}.Debug|x64.Build.0 = Debug|x64
		{C55D6127-3246-44EE-A810-78EE3DA61D18}.Debug|x86.ActiveCfg = Debug|x86
		{C55D6127-3246-44EE-A810-78EE3DA61D18}.Debug|x86.Build.0 = Debug|x86
		{C55D6127-3246-44EE-A810-78EE3DA61D18}.Release|x64.ActiveCfg = Release|x64
		{C55D6127-3246-44EE-A810-78EE3DA61D18}.Release|x64.Build.0 = Release|x64
		{C55D6127-3246-44EE-A810-78EE3DA61D18}.Release|x86.ActiveCfg = Release|x86
		{C55D6127-3246-44EE-A810-78EE3DA61D18}.Release|x86.Build.0 = Release|x86
		{8C225A82-8E4B-42E8-BB84-68819BDC4B9C}.Debug|x64.ActiveCfg = Debug|x64
		{8C225A82-8E4B-42E8-BB84-68819BDC4B9C}.Debug|x64.Build.0 = Debug|x64
		{8C225A82-8E4B-42E8-BB84-68819BDC4B9C}.Debug|x86.ActiveCfg = Debug|x86
		{8C225A82-8E4B-42E8-BB84-68819BDC4B9C}.Debug|x86.Build.0 = Debug|x86
		{8C225A82-8E4B-42E8-BB84-68819BDC4B9C}.Release|x64.ActiveCfg = Release|x64
		{8C225A82-8E4B-42E8-BB84-68819BDC4B9C}.Release|x64.Build.0 = Release|x64
		{8C225A82-8E4B-42E8-BB84-68819BDC4B9C}.Release|x86.ActiveCfg = Release|x86
		{8C225A82-8E4B-42E8-BB84-68819BDC4B9C}.Release|x86.Build.0 = Release|x86
	EndGlobalSection
	GlobalSection(SolutionProperties) = preSolution
		HideSolutionNode = FALSE
	EndGlobalSection
EndGlobal
